{
  "nodes": {
    "nixpkgs": {
      "locked": {
        "lastModified": 1694888849,
        "narHash": "sha256-iSi1CPGQHcSWcWbqoDW3HovGS6iKrto2DQsDB0bULiI=",
        "owner": "nixos",
        "repo": "nixpkgs",
        "rev": "d1d027ca3f6bb931ca453ff7891899ba694db712",
        "type": "github"
      },
      "original": {
        "owner": "nixos",
        "ref": "nixos-23.05-small",
        "repo": "nixpkgs",
        "type": "github"
      }
    },
    "root": {
      "inputs": {
        "nixpkgs": "nixpkgs"
      }
    }
  },
  "root": "root",
  "version": 7
}
